
Microsoft Visual Studio Solution File, Format Version 12.00
# Visual Studio Version 16
VisualStudioVersion = 16.0.29020.237
MinimumVisualStudioVersion = 10.0.40219.1
Project("{8BC9CEB8-8B4A-11D0-8D11-00A0C91BC942}") = "Space-Battle", "Space-Battle.vcxproj", "{B8AA0FBB-460B-474E-8D2C-10547277B93F}"
EndProject
Global
	GlobalSection(SolutionConfigurationPlatforms) = preSolution
		Debug|x64 = Debug|x64
		Debug|x86 = Debug|x86
		Release|x64 = Release|x64
		Release|x86 = Release|x86
	EndGlobalSection
	GlobalSection(ProjectConfigurationPlatforms) = postSolution
		{B8AA0FBB-460B-474E-8D2C-10547277B93F}.Debug|x64.ActiveCfg = Debug|x64
		{B8AA0FBB-460B-474E-8D2C-10547277B93F}.Debug|x64.Build.0 = Debug|x64
		{B8AA0FBB-460B-474E-8D2C-10547277B93F}.Debug|x86.ActiveCfg = Debug|Win32
		{B8AA0FBB-460B-474E-8D2C-10547277B93F}.Debug|x86.Build.0 = Debug|Win32
		{B8AA0FBB-460B-474E-8D2C-10547277B93F}.Release|x64.ActiveCfg = Release|x64
		{B8AA0FBB-460B-474E-8D2C-10547277B93F}.Release|x64.Build.0 = Release|x64
		{B8AA0FBB-460B-474E-8D2C-10547277B93F}.Release|x86.ActiveCfg = Release|Win32
		{B8AA0FBB-460B-474E-8D2C-10547277B93F}.Release|x86.Build.0 = Release|Win32
	EndGlobalSection
	GlobalSection(SolutionProperties) = preSolution
		HideSolutionNode = FALSE
	EndGlobalSection
	GlobalSection(ExtensibilityGlobals) = postSolution
		SolutionGuid = {8224C081-B7B1-40CA-BFD6-B67D4B684D36}
	EndGlobalSection
EndGlobal
